# This file is autogenerated, do not edit; changes may be undone by the next 'dep ensure'.


[[projects]]
  digest = "1:38beba9afeb613a2a1504b118165c1a6caea134160c969980427952c7a475f44"
  name = "github.com/KyleBanks/depth"
  packages = ["."]
  pruneopts = "UT"
  revision = "fec4dc38699e903ea7b44b2887549d2e7cd0a9f1"
  version = "v1.2.1"

[[projects]]
  digest = "1:a2682518d905d662d984ef9959984ef87cecb777d379bfa9d9fe40e78069b3e4"
  name = "github.com/PuerkitoBio/purell"
  packages = ["."]
  pruneopts = "UT"
  revision = "44968752391892e1b0d0b821ee79e9a85fa13049"
  version = "v1.1.1"

[[projects]]
  branch = "master"
  digest = "1:c739832d67eb1e9cc478a19cc1a1ccd78df0397bf8a32978b759152e205f644b"
  name = "github.com/PuerkitoBio/urlesc"
  packages = ["."]
  pruneopts = "UT"
  revision = "de5bf2ad457846296e2031421a34e2568e304e35"

[[projects]]
  branch = "master"
  digest = "1:125f098c5294814b5d9ce2194f03a435c35a6208f029e61681bed9a893d68133"
  name = "github.com/alecthomas/template"
  packages = [
    ".",
    "parse",
  ]
  pruneopts = "UT"
  revision = "fb15b899a75114aa79cc930e33c46b577cc664b1"

[[projects]]
  digest = "1:d6afaeed1502aa28e80a4ed0981d570ad91b2579193404256ce672ed0a609e0d"
  name = "github.com/beorn7/perks"
  packages = ["quantile"]
  pruneopts = "UT"
  revision = "37c8de3658fcb183f997c4e13e8337516ab753e6"
  version = "v1.0.1"

[[projects]]
  digest = "1:b84fba5604e00f268e79912c0a2e9359f65a80ad04603f98a666c8121c9b881b"
  name = "github.com/fasthttp/router"
  packages = [
    ".",
    "radix",
  ]
  pruneopts = "UT"
  revision = "8d81872d1707d34f511c67ed2afaeebf8d1859ad"
  version = "v1.3.12"

[[projects]]
  digest = "1:513320bb979a467f87fb53c2faf5bc253d880ae82693a4e8716337df22eafed8"
  name = "github.com/go-openapi/jsonpointer"
  packages = ["."]
  pruneopts = "UT"
  revision = "2446e21cad36eee826e1c2380f0ff747074a2faa"
  version = "v0.19.5"

[[projects]]
  digest = "1:e2c916cb5056e8b00d05f78f49f59f68d9889adf65836e281bfc07165f5be165"
  name = "github.com/go-openapi/jsonreference"
  packages = ["."]
  pruneopts = "UT"
  revision = "28a8ff900147568dc266d4cd84e062750e44f161"
  version = "v0.19.5"

[[projects]]
  digest = "1:4ff290c97f2fb7525bd37a93247c7892df418488b09c6ee2baaf147619a56f59"
  name = "github.com/go-openapi/spec"
  packages = ["."]
  pruneopts = "UT"
  revision = "9b481069b8ec5cfddf6bdd8e3baec662b9ee0eb7"
  version = "v0.20.3"

[[projects]]
  digest = "1:20de8257095daae4e1a2c2ed4e2d2fbeda4f5361ff1bc6f5d6525cd4951db085"
  name = "github.com/go-openapi/swag"
  packages = ["."]
  pruneopts = "UT"
  revision = "a879606f53d080fe7e9281dc00b99a744fe37425"
  version = "v0.19.15"

[[projects]]
  digest = "1:6ad0084de8fefa2b9bca7e6e627bb9868a0dedccc1274a6730a813b7853ac41c"
  name = "github.com/golang/protobuf"
  packages = [
    "proto",
    "ptypes",
    "ptypes/any",
    "ptypes/duration",
    "ptypes/timestamp",
  ]
  pruneopts = "UT"
  revision = "ae97035608a719c7a1c1c41bed0ae0744bdb0c6f"
  version = "v1.5.2"

[[projects]]
  digest = "1:e0b019ee3a64ce51eeb7e0097a372305ac8caf338e50adf8e4bf3b7ce928e132"
  name = "github.com/josharian/intern"
  packages = ["."]
  pruneopts = "UT"
  revision = "8e6ff32b3e7c0b018c43953085fe2ac330fe9acd"
  version = "v1.0.0"

[[projects]]
  branch = "master"
  digest = "1:9ae36c535cdcd6fccc8c426791688e555444a2ada46fa6087f8dce028d911097"
  name = "github.com/kecci/fasthttp-swagger"
  packages = ["docs"]
  pruneopts = "UT"
  revision = "42e440f45d20d93adedc05689f78af34febf6943"

[[projects]]
  digest = "1:71c8abfa895976671c3c6655ac17d3c074edfd335e626dba13975a02ff9c50cd"
  name = "github.com/klauspost/compress"
  packages = [
    "flate",
    "gzip",
    "zlib",
  ]
  pruneopts = "UT"
  revision = "2adf487b3e02f95ce7efd6e4953fda0ae7ecd080"
  version = "v1.12.1"

[[projects]]
  digest = "1:31f0ceca116f167499ab5b7ad57f3c2dc3d82f6dc4554dda19a8d18d696670ec"
  name = "github.com/mailru/easyjson"
  packages = [
    "buffer",
    "jlexer",
    "jwriter",
  ]
  pruneopts = "UT"
  revision = "c120ca7ced6051261161ce15e8f1542a4b2567fc"
  version = "v0.7.7"

[[projects]]
  digest = "1:304d25ecc3f4ca39f894c959254d3f5fc6176276ccf1f874ded0cd441e2f964f"
  name = "github.com/mattn/go-colorable"
  packages = ["."]
  pruneopts = "UT"
  revision = "2e1b0c1546e0173c0907cf05c67b8ba29ed8b4d1"
  version = "v0.1.8"

[[projects]]
  digest = "1:0c58d31abe2a2ccb429c559b6292e7df89dcda675456fecc282fa90aa08273eb"
  name = "github.com/mattn/go-isatty"
  packages = ["."]
  pruneopts = "UT"
  revision = "7b513a986450394f7bbf1476909911b3aa3a55ce"
  version = "v0.0.12"

[[projects]]
  digest = "1:ff5ebae34cfbf047d505ee150de27e60570e8c394b3b8fdbb720ff6ac71985fc"
  name = "github.com/matttproud/golang_protobuf_extensions"
  packages = ["pbutil"]
  pruneopts = "UT"
  revision = "c12348ce28de40eed0136aa2b644d0ee0650e56c"
  version = "v1.0.1"

[[projects]]
  branch = "master"
  digest = "1:156ffa10bf53a39da78ff667c0084fd09d87b2345708d697f6faa45b7571dfa4"
  name = "github.com/mgutz/ansi"
  packages = ["."]
  pruneopts = "UT"
  revision = "d51e80ef957dba7f19388ca64afefbd5a096af30"

[[projects]]
  digest = "1:17bc403348b60bd01bfd2e507fcb23463e76f4b1f433d50b0872b8219df1250d"
  name = "github.com/mgutz/logxi"
  packages = ["v1"]
  pruneopts = "UT"
  revision = "aebf8a7d67ab4625e0fd4a665766fef9a709161b"
  version = "v1"

[[projects]]
  digest = "1:6c3c45a5a01c4dd0ed863d1711d1d1051b18b46ddb07c193de09ab89b01abaca"
  name = "github.com/nats-io/jwt"
  packages = ["."]
  pruneopts = "UT"
  revision = "22bf1cf3386b569ad632f92d4e944c27ddecd875"
  version = "v2.0.1"

[[projects]]
  digest = "1:f62b1537052fa6b95df7bdcb8715d9ff0e825cf83449c9bc4072ca559a0b0196"
  name = "github.com/nats-io/nats.go"
  packages = [
    ".",
    "encoders/builtin",
    "util",
  ]
  pruneopts = "UT"
  revision = "120703c6d80965e2f1e7a542c88dc574987b17e1"
  version = "v1.10.0"

[[projects]]
  digest = "1:b9e6e06a31517887500397910762de2a9ef09f43fe24c7684838248503570ae2"
  name = "github.com/nats-io/nkeys"
  packages = ["."]
  pruneopts = "UT"
  revision = "44384414044304395985410ff55ed78cbf0b09a8"
  version = "v0.3.0"

[[projects]]
  digest = "1:599f3202ce0a754144ddc4be4c6df9c6ab27b1d722a63ede6b2e0c3a2cc338a8"
  name = "github.com/nats-io/nuid"
  packages = ["."]
  pruneopts = "UT"
  revision = "4b96681fa6d28dd0ab5fe79bac63b3a493d9ee94"
  version = "v1.0.1"

[[projects]]
  digest = "1:eb04f69c8991e52eff33c428bd729e04208bf03235be88e4df0d88497c6861b9"
  name = "github.com/prometheus/client_golang"
  packages = [
    "prometheus",
    "prometheus/internal",
    "prometheus/promhttp",
  ]
  pruneopts = "UT"
  revision = "170205fb58decfd011f1550d4cfb737230d7ae4f"
  version = "v1.1.0"

[[projects]]
  digest = "1:0db23933b8052702d980a3f029149b3f175f7c0eea0cff85b175017d0f2722c0"
  name = "github.com/prometheus/client_model"
  packages = ["go"]
  pruneopts = "UT"
  revision = "7bc5445566f0fe75b15de23e6b93886e982d7bf9"
  version = "v0.2.0"

[[projects]]
  digest = "1:b9bce50d190046210da6de603985651982d92eac20843ecac921c5f980cefc16"
  name = "github.com/prometheus/common"
  packages = [
    "expfmt",
    "internal/bitbucket.org/ww/goautoneg",
    "model",
  ]
  pruneopts = "UT"
  revision = "3b362f5d5cb23d3f6fc07d80f7b40250442aa4af"
  version = "v0.21.0"

[[projects]]
  digest = "1:3922a0d6335c511f1d25394b8a5e0a15a4b9e853462b9b50f9b1a44502d79821"
  name = "github.com/prometheus/procfs"
  packages = [
    ".",
    "internal/fs",
    "internal/util",
  ]
  pruneopts = "UT"
  revision = "e971af51d579a49db14657a96eebec39cefb4755"
  version = "v0.6.0"

[[projects]]
  branch = "master"
  digest = "1:5da68f4eedea9ec8150cdcba04759af6c400e957b90e6fc865b3f2f3cd2b39f2"
  name = "github.com/savsgio/gotils"
  packages = [
    "bytes",
    "strconv",
    "strings",
  ]
  pruneopts = "UT"
  revision = "c54912823645a14a0794321cfad4c1ee8f2644a9"

[[projects]]
  branch = "master"
  digest = "1:352542e124c4ac4872542f4e5226d6648ba42a037e7bf6656fb1627e37ae059b"
  name = "github.com/swaggo/files"
  packages = ["."]
  pruneopts = "UT"
  revision = "630677cd5c140664e2ff6b53e75c289877268c69"

[[projects]]
  digest = "1:b2eb5c7fad255a35dd5facff02fe57ccbd8fe24c6490cd489bb7dbdebf9ddf21"
  name = "github.com/swaggo/http-swagger"
  packages = [
    ".",
    "example/go-chi/docs",
  ]
  pruneopts = "UT"
  revision = "6a97187171dd5e4de53e2d3845d621e460d85c69"
  version = "v1.0.0"

[[projects]]
  digest = "1:86034c76286448698852c14655a7572db87fc43ae1c8769db053eae0a39f32f3"
  name = "github.com/swaggo/swag"
  packages = ["."]
  pruneopts = "UT"
  revision = "a4053fb64d1ffd3daa09afa0df5c0aa751a33fad"
  version = "v1.7.0"

[[projects]]
  digest = "1:c468422f334a6b46a19448ad59aaffdfc0a36b08fdcc1c749a0b29b6453d7e59"
  name = "github.com/valyala/bytebufferpool"
  packages = ["."]
  pruneopts = "UT"
  revision = "e746df99fe4a3986f4d4f79e13c1e0117ce9c2f7"
  version = "v1.0.0"

[[projects]]
  digest = "1:d86cac316ca3b1ac9d46e5a249a3aa88305d172b5abd140cecd0216b299364e5"
  name = "github.com/valyala/fasthttp"
  packages = [
    ".",
    "fasthttpadaptor",
    "fasthttputil",
    "stackless",
  ]
  pruneopts = "UT"
  revision = "e5f51c11919d4f66400334047b897ef0a94c6f3c"
  version = "v20180529"

[[projects]]
  branch = "master"
  digest = "1:30c9be227290b64dc4d02ddd0be56777f03ed61148e360a9e8bf456de75b0d44"
  name = "golang.org/x/crypto"
  packages = [
    "ed25519",
    "ed25519/internal/edwards25519",
  ]
  pruneopts = "UT"
  revision = "83a5a9bb288b4c9523e182ed4f621411a11de3df"

[[projects]]
  branch = "master"
  digest = "1:0e950cd77cb004dbf9131faaaf4e8e188a61e9ea11e96d017dfb6ecab6fb0a5c"
  name = "golang.org/x/net"
  packages = [
    "idna",
    "webdav",
    "webdav/internal/xml",
  ]
  pruneopts = "UT"
  revision = "5f58ad60dda6b6eba34c424201d17c9fdc37953d"

[[projects]]
  branch = "master"
  digest = "1:c1164826c4bcfbfc2fd87fc80fe30227892b8e66ae0be5b0b7286f782519dc09"
  name = "golang.org/x/sys"
  packages = [
    "execabs",
    "internal/unsafeheader",
    "unix",
    "windows",
  ]
  pruneopts = "UT"
  revision = "09eb48e85fd7a47ea9bf31fe924287b64d289366"

[[projects]]
  digest = "1:2b7f500d4eace02747d064aa5b9dcfd1e1ec29157c778ef11d09cdda698fd920"
  name = "golang.org/x/text"
  packages = [
    "collate",
    "collate/build",
    "internal/colltab",
    "internal/gen",
    "internal/language",
    "internal/language/compact",
    "internal/tag",
    "internal/triegen",
    "internal/ucd",
    "language",
    "secure/bidirule",
    "transform",
    "unicode/bidi",
    "unicode/cldr",
    "unicode/norm",
    "unicode/rangetable",
    "width",
  ]
  pruneopts = "UT"
  revision = "e328d63cff14134669501e0e154e4f141c784322"
  version = "v0.3.6"

[[projects]]
  digest = "1:af5535e65e3fcbe75d86b8142a25711a4135778d83a4263c98a0fc300e81cd5b"
  name = "golang.org/x/tools"
  packages = [
    "go/ast/astutil",
    "go/buildutil",
    "go/internal/cgo",
    "go/loader",
  ]
  pruneopts = "UT"
  revision = "fe37c9e135b934191089b245ac29325091462508"
  version = "v0.1.0"

[[projects]]
  digest = "1:18cefdbcccd23ac7224b30c1ae5c1f199fc7c506668c309f648da6a218778b8b"
  name = "google.golang.org/protobuf"
  packages = [
    "encoding/prototext",
    "encoding/protowire",
    "internal/descfmt",
    "internal/descopts",
    "internal/detrand",
    "internal/encoding/defval",
    "internal/encoding/messageset",
    "internal/encoding/tag",
    "internal/encoding/text",
    "internal/errors",
    "internal/filedesc",
    "internal/filetype",
    "internal/flags",
    "internal/genid",
    "internal/impl",
    "internal/order",
    "internal/pragma",
    "internal/set",
    "internal/strs",
    "internal/version",
    "proto",
    "reflect/protodesc",
    "reflect/protoreflect",
    "reflect/protoregistry",
    "runtime/protoiface",
    "runtime/protoimpl",
    "types/descriptorpb",
    "types/known/anypb",
    "types/known/durationpb",
    "types/known/timestamppb",
  ]
  pruneopts = "UT"
  revision = "f2d1f6cbe10b90d22296ea09a7217081c2798009"
  version = "v1.26.0"

[[projects]]
  digest = "1:5054a1f394226de9e6ddc47b0ba77e35092a4112f4a1cd9cb94aba1f5bdc3ec6"
  name = "gopkg.in/yaml.v2"
  packages = ["."]
  pruneopts = "UT"
  revision = "7649d4548cb53a614db133b2a8ac1f31859dda8c"
  version = "v2.4.0"

[solve-meta]
  analyzer-name = "dep"
  analyzer-version = 1
  input-imports = [
    "github.com/fasthttp/router",
    "github.com/kecci/fasthttp-swagger/docs",
    "github.com/mgutz/logxi/v1",
    "github.com/nats-io/nats.go",
    "github.com/prometheus/client_golang/prometheus",
    "github.com/prometheus/client_golang/prometheus/promhttp",
    "github.com/swaggo/http-swagger",
    "github.com/swaggo/http-swagger/example/go-chi/docs",
    "github.com/valyala/fasthttp",
    "github.com/valyala/fasthttp/fasthttpadaptor",
  ]
  solver-name = "gps-cdcl"
  solver-version = 1
